
Microsoft Visual Studio Solution File, Format Version 12.00
# Visual Studio 15
Project("{FAE04EC0-301F-11D3-BF4B-00C04F79EFBC}") = "goodcat.un-inventory.core", "goodcat.un-inventory.core.csproj", "{70D478A0-7245-6B01-55A4-1A424DC77FFA}"
EndProject
Project("{FAE04EC0-301F-11D3-BF4B-00C04F79EFBC}") = "goodcat.un-inventory.standard", "goodcat.un-inventory.standard.csproj", "{14340D81-10B6-7450-9A6A-3384955FDF46}"
EndProject
Project("{FAE04EC0-301F-11D3-BF4B-00C04F79EFBC}") = "Assembly-CSharp", "Assembly-CSharp.csproj", "{BB651AA7-6317-3572-E519-A82D96752076}"
EndProject
Project("{FAE04EC0-301F-11D3-BF4B-00C04F79EFBC}") = "sample.hero", "sample.hero.csproj", "{320D0961-6F84-81FD-601B-8162BF374697}"
EndProject
Project("{FAE04EC0-301F-11D3-BF4B-00C04F79EFBC}") = "sample.trade", "sample.trade.csproj", "{F3FC5B78-5F0D-5C39-D7B7-5F1B597D3BB4}"
EndProject
Project("{FAE04EC0-301F-11D3-BF4B-00C04F79EFBC}") = "goodcat.un-inventory.plugins.standard", "goodcat.un-inventory.plugins.standard.csproj", "{F2CBA7AC-E876-D481-1F80-89805486760A}"
EndProject
Project("{FAE04EC0-301F-11D3-BF4B-00C04F79EFBC}") = "samples-environment", "samples-environment.csproj", "{AD4CA27B-C60A-1785-D57E-61C45D1A4EB8}"
EndProject
Project("{FAE04EC0-301F-11D3-BF4B-00C04F79EFBC}") = "Assembly-CSharp-firstpass", "Assembly-CSharp-firstpass.csproj", "{C886ABE2-F9EF-A2C5-5C73-4534E58725E2}"
EndProject
Project("{FAE04EC0-301F-11D3-BF4B-00C04F79EFBC}") = "Assembly-CSharp-Editor", "Assembly-CSharp-Editor.csproj", "{1A429269-4426-5291-1F65-07587358DB36}"
EndProject
Project("{FAE04EC0-301F-11D3-BF4B-00C04F79EFBC}") = "goodcat.un-inventory.editor", "goodcat.un-inventory.editor.csproj", "{A4B5522C-4ED2-C822-6ABF-17FFB8160398}"
EndProject
Global
	GlobalSection(SolutionConfigurationPlatforms) = preSolution
		Debug|Any CPU = Debug|Any CPU
		Release|Any CPU = Release|Any CPU
	EndGlobalSection
	GlobalSection(ProjectConfigurationPlatforms) = postSolution
		{70D478A0-7245-6B01-55A4-1A424DC77FFA}.Debug|Any CPU.ActiveCfg = Debug|Any CPU
		{70D478A0-7245-6B01-55A4-1A424DC77FFA}.Debug|Any CPU.Build.0 = Debug|Any CPU
		{70D478A0-7245-6B01-55A4-1A424DC77FFA}.Release|Any CPU.ActiveCfg = Release|Any CPU
		{70D478A0-7245-6B01-55A4-1A424DC77FFA}.Release|Any CPU.Build.0 = Release|Any CPU
		{14340D81-10B6-7450-9A6A-3384955FDF46}.Debug|Any CPU.ActiveCfg = Debug|Any CPU
		{14340D81-10B6-7450-9A6A-3384955FDF46}.Debug|Any CPU.Build.0 = Debug|Any CPU
		{14340D81-10B6-7450-9A6A-3384955FDF46}.Release|Any CPU.ActiveCfg = Release|Any CPU
		{14340D81-10B6-7450-9A6A-3384955FDF46}.Release|Any CPU.Build.0 = Release|Any CPU
		{BB651AA7-6317-3572-E519-A82D96752076}.Debug|Any CPU.ActiveCfg = Debug|Any CPU
		{BB651AA7-6317-3572-E519-A82D96752076}.Debug|Any CPU.Build.0 = Debug|Any CPU
		{BB651AA7-6317-3572-E519-A82D96752076}.Release|Any CPU.ActiveCfg = Release|Any CPU
		{BB651AA7-6317-3572-E519-A82D96752076}.Release|Any CPU.Build.0 = Release|Any CPU
		{320D0961-6F84-81FD-601B-8162BF374697}.Debug|Any CPU.ActiveCfg = Debug|Any CPU
		{320D0961-6F84-81FD-601B-8162BF374697}.Debug|Any CPU.Build.0 = Debug|Any CPU
		{320D0961-6F84-81FD-601B-8162BF374697}.Release|Any CPU.ActiveCfg = Release|Any CPU
		{320D0961-6F84-81FD-601B-8162BF374697}.Release|Any CPU.Build.0 = Release|Any CPU
		{F3FC5B78-5F0D-5C39-D7B7-5F1B597D3BB4}.Debug|Any CPU.ActiveCfg = Debug|Any CPU
		{F3FC5B78-5F0D-5C39-D7B7-5F1B597D3BB4}.Debug|Any CPU.Build.0 = Debug|Any CPU
		{F3FC5B78-5F0D-5C39-D7B7-5F1B597D3BB4}.Release|Any CPU.ActiveCfg = Release|Any CPU
		{F3FC5B78-5F0D-5C39-D7B7-5F1B597D3BB4}.Release|Any CPU.Build.0 = Release|Any CPU
		{F2CBA7AC-E876-D481-1F80-89805486760A}.Debug|Any CPU.ActiveCfg = Debug|Any CPU
		{F2CBA7AC-E876-D481-1F80-89805486760A}.Debug|Any CPU.Build.0 = Debug|Any CPU
		{F2CBA7AC-E876-D481-1F80-89805486760A}.Release|Any CPU.ActiveCfg = Release|Any CPU
		{F2CBA7AC-E876-D481-1F80-89805486760A}.Release|Any CPU.Build.0 = Release|Any CPU
		{AD4CA27B-C60A-1785-D57E-61C45D1A4EB8}.Debug|Any CPU.ActiveCfg = Debug|Any CPU
		{AD4CA27B-C60A-1785-D57E-61C45D1A4EB8}.Debug|Any CPU.Build.0 = Debug|Any CPU
		{AD4CA27B-C60A-1785-D57E-61C45D1A4EB8}.Release|Any CPU.ActiveCfg = Release|Any CPU
		{AD4CA27B-C60A-1785-D57E-61C45D1A4EB8}.Release|Any CPU.Build.0 = Release|Any CPU
		{C886ABE2-F9EF-A2C5-5C73-4534E58725E2}.Debug|Any CPU.ActiveCfg = Debug|Any CPU
		{C886ABE2-F9EF-A2C5-5C73-4534E58725E2}.Debug|Any CPU.Build.0 = Debug|Any CPU
		{C886ABE2-F9EF-A2C5-5C73-4534E58725E2}.Release|Any CPU.ActiveCfg = Release|Any CPU
		{C886ABE2-F9EF-A2C5-5C73-4534E58725E2}.Release|Any CPU.Build.0 = Release|Any CPU
		{1A429269-4426-5291-1F65-07587358DB36}.Debug|Any CPU.ActiveCfg = Debug|Any CPU
		{1A429269-4426-5291-1F65-07587358DB36}.Debug|Any CPU.Build.0 = Debug|Any CPU
		{1A429269-4426-5291-1F65-07587358DB36}.Release|Any CPU.ActiveCfg = Release|Any CPU
		{1A429269-4426-5291-1F65-07587358DB36}.Release|Any CPU.Build.0 = Release|Any CPU
		{A4B5522C-4ED2-C822-6ABF-17FFB8160398}.Debug|Any CPU.ActiveCfg = Debug|Any CPU
		{A4B5522C-4ED2-C822-6ABF-17FFB8160398}.Debug|Any CPU.Build.0 = Debug|Any CPU
		{A4B5522C-4ED2-C822-6ABF-17FFB8160398}.Release|Any CPU.ActiveCfg = Release|Any CPU
		{A4B5522C-4ED2-C822-6ABF-17FFB8160398}.Release|Any CPU.Build.0 = Release|Any CPU
	EndGlobalSection
	GlobalSection(SolutionProperties) = preSolution
		HideSolutionNode = FALSE
	EndGlobalSection
EndGlobal
